
Microsoft Visual Studio Solution File, Format Version 12.00
# Visual Studio 15
Project("{FAE04EC0-301F-11D3-BF4B-00C04F79EFBC}") = "Assembly-CSharp", "Assembly-CSharp.csproj", "{1E6960FF-5736-A288-D0B7-9157988ACB93}"
EndProject
Global
	GlobalSection(SolutionConfigurationPlatforms) = preSolution
		Debug|Any CPU = Debug|Any CPU
		Release|Any CPU = Release|Any CPU
	EndGlobalSection
	GlobalSection(ProjectConfigurationPlatforms) = postSolution
		{1E6960FF-5736-A288-D0B7-9157988ACB93}.Debug|Any CPU.ActiveCfg = Debug|Any CPU
		{1E6960FF-5736-A288-D0B7-9157988ACB93}.Debug|Any CPU.Build.0 = Debug|Any CPU
		{1E6960FF-5736-A288-D0B7-9157988ACB93}.Release|Any CPU.ActiveCfg = Release|Any CPU
		{1E6960FF-5736-A288-D0B7-9157988ACB93}.Release|Any CPU.Build.0 = Release|Any CPU
	EndGlobalSection
	GlobalSection(SolutionProperties) = preSolution
		HideSolutionNode = FALSE
	EndGlobalSection
	GlobalSection(MonoDevelopProperties) = preSolution
		Policies = $0
		$0.TextStylePolicy = $1
		$1.FileWidth = 80
		$1.EolMarker = Unix
		$1.scope = text/x-csharp
		$0.CSharpFormattingPolicy = $2
		$2.SpaceWithinMethodDeclarationParenthesis = True
		$2.SpaceWithinMethodCallParentheses = True
		$2.SpaceWithinExpressionParentheses = True
		$2.SpaceWithinCastParentheses = True
		$2.SpaceWithinOtherParentheses = True
		$2.SpaceAfterCast = True
		$2.scope = text/x-csharp
		$0.TextStylePolicy = $3
		$3.FileWidth = 80
		$3.EolMarker = Mac
		$3.scope = text/plain
		$0.StandardHeader = $4
		$0.DotNetNamingPolicy = $5
		$5.DirectoryNamespaceAssociation = PrefixedHierarchical
		$0.VersionControlPolicy = $6
	EndGlobalSection
EndGlobal
